# THIS IS AN AUTOGENERATED FILE. DO NOT EDIT THIS FILE DIRECTLY.
# yarn lockfile v1


"@babel/polyfill@^7.0.0":
  version "7.2.5"
  resolved "https://registry.yarnpkg.com/@babel/polyfill/-/polyfill-7.2.5.tgz#6c54b964f71ad27edddc567d065e57e87ed7fa7d"
  dependencies:
    core-js "^2.5.7"
    regenerator-runtime "^0.12.0"

"@jimp/bmp@^0.6.0":
  version "0.6.0"
  resolved "https://registry.yarnpkg.com/@jimp/bmp/-/bmp-0.6.0.tgz#6eb3ad441ed3f1418a32a89a4244285914b2a15c"
  dependencies:
    "@jimp/utils" "^0.6.0"
    bmp-js "^0.1.0"
    core-js "^2.5.7"

"@jimp/core@^0.6.0":
  version "0.6.0"
  resolved "https://registry.yarnpkg.com/@jimp/core/-/core-0.6.0.tgz#a366988f6b339db9a8e2ce532fa90f017ea7f02f"
  dependencies:
    "@jimp/utils" "^0.6.0"
    any-base "^1.1.0"
    buffer "^5.2.0"
    core-js "^2.5.7"
    exif-parser "^0.1.12"
    file-type "^9.0.0"
    load-bmfont "^1.3.1"
    mkdirp "0.5.1"
    phin "^2.9.1"
    pixelmatch "^4.0.2"
    tinycolor2 "^1.4.1"

"@jimp/custom@^0.6.0":
  version "0.6.0"
  resolved "https://registry.yarnpkg.com/@jimp/custom/-/custom-0.6.0.tgz#acccc248701c20007ea6f4972a1aeb55e2c2d7fb"
  dependencies:
    "@jimp/core" "^0.6.0"
    core-js "^2.5.7"

"@jimp/gif@^0.6.0":
  version "0.6.0"
  resolved "https://registry.yarnpkg.com/@jimp/gif/-/gif-0.6.0.tgz#f4cd1d6671465790282d50117f8e00748aff1037"
  dependencies:
    "@jimp/utils" "^0.6.0"
    core-js "^2.5.7"
    omggif "^1.0.9"

"@jimp/jpeg@^0.6.0":
  version "0.6.0"
  resolved "https://registry.yarnpkg.com/@jimp/jpeg/-/jpeg-0.6.0.tgz#9061f495f19a7f9039e39380faef8a6004b57c36"
  dependencies:
    "@jimp/utils" "^0.6.0"
    core-js "^2.5.7"
    jpeg-js "^0.3.4"

"@jimp/plugin-blit@^0.6.0":
  version "0.6.0"
  resolved "https://registry.yarnpkg.com/@jimp/plugin-blit/-/plugin-blit-0.6.0.tgz#fe8495dfdefff72da9923682626d668c1126ad75"
  dependencies:
    "@jimp/utils" "^0.6.0"
    core-js "^2.5.7"

"@jimp/plugin-blur@^0.6.0":
  version "0.6.0"
  resolved "https://registry.yarnpkg.com/@jimp/plugin-blur/-/plugin-blur-0.6.0.tgz#6537943782775c1a3d656c6a17c6bbe64fe16f65"
  dependencies:
    "@jimp/utils" "^0.6.0"
    core-js "^2.5.7"

"@jimp/plugin-color@^0.6.0":
  version "0.6.0"
  resolved "https://registry.yarnpkg.com/@jimp/plugin-color/-/plugin-color-0.6.0.tgz#a2f36d8484e50ad7c8f5a0d484bfc4f5d536dfb0"
  dependencies:
    "@jimp/utils" "^0.6.0"
    core-js "^2.5.7"
    tinycolor2 "^1.4.1"

"@jimp/plugin-contain@^0.6.0":
  version "0.6.0"
  resolved "https://registry.yarnpkg.com/@jimp/plugin-contain/-/plugin-contain-0.6.0.tgz#174c94777db264dcb0796f515b84d0497428959f"
  dependencies:
    "@jimp/utils" "^0.6.0"
    core-js "^2.5.7"

"@jimp/plugin-cover@^0.6.0":
  version "0.6.0"
  resolved "https://registry.yarnpkg.com/@jimp/plugin-cover/-/plugin-cover-0.6.0.tgz#8f61e5fbdab709099c5f39a9398f62447093a6e2"
  dependencies:
    "@jimp/utils" "^0.6.0"
    core-js "^2.5.7"

"@jimp/plugin-crop@^0.6.0":
  version "0.6.0"
  resolved "https://registry.yarnpkg.com/@jimp/plugin-crop/-/plugin-crop-0.6.0.tgz#ef093b94327d3a2f642223a078861a96614367f5"
  dependencies:
    "@jimp/utils" "^0.6.0"
    core-js "^2.5.7"

"@jimp/plugin-displace@^0.6.0":
  version "0.6.0"
  resolved "https://registry.yarnpkg.com/@jimp/plugin-displace/-/plugin-displace-0.6.0.tgz#d96c66fc54283a9865a2e8044adebd54f093b366"
  dependencies:
    "@jimp/utils" "^0.6.0"
    core-js "^2.5.7"

"@jimp/plugin-dither@^0.6.0":
  version "0.6.0"
  resolved "https://registry.yarnpkg.com/@jimp/plugin-dither/-/plugin-dither-0.6.0.tgz#c7470480fd6d23a67188c2270ac3e9494a051d61"
  dependencies:
    "@jimp/utils" "^0.6.0"
    core-js "^2.5.7"

"@jimp/plugin-flip@^0.6.0":
  version "0.6.0"
  resolved "https://registry.yarnpkg.com/@jimp/plugin-flip/-/plugin-flip-0.6.0.tgz#cdfbc6059e156912a50c41cb5f617a4693f793d2"
  dependencies:
    "@jimp/utils" "^0.6.0"
    core-js "^2.5.7"

"@jimp/plugin-gaussian@^0.6.0":
  version "0.6.0"
  resolved "https://registry.yarnpkg.com/@jimp/plugin-gaussian/-/plugin-gaussian-0.6.0.tgz#fc97468e67dccd9872d1fb177e4bbc5e8e2944ec"
  dependencies:
    "@jimp/utils" "^0.6.0"
    core-js "^2.5.7"

"@jimp/plugin-invert@^0.6.0":
  version "0.6.0"
  resolved "https://registry.yarnpkg.com/@jimp/plugin-invert/-/plugin-invert-0.6.0.tgz#da4879a41cc0c12110c2bf5e63524b07819c3524"
  dependencies:
    "@jimp/utils" "^0.6.0"
    core-js "^2.5.7"

"@jimp/plugin-mask@^0.6.0":
  version "0.6.0"
  resolved "https://registry.yarnpkg.com/@jimp/plugin-mask/-/plugin-mask-0.6.0.tgz#845b40bb00c66eec15c12c5b2ed970d0837985c2"
  dependencies:
    "@jimp/utils" "^0.6.0"
    core-js "^2.5.7"

"@jimp/plugin-normalize@^0.6.0":
  version "0.6.0"
  resolved "https://registry.yarnpkg.com/@jimp/plugin-normalize/-/plugin-normalize-0.6.0.tgz#b1769aef2c89cbde1879c6b43d15b535f2b284c8"
  dependencies:
    "@jimp/utils" "^0.6.0"
    core-js "^2.5.7"

"@jimp/plugin-print@^0.6.0":
  version "0.6.0"
  resolved "https://registry.yarnpkg.com/@jimp/plugin-print/-/plugin-print-0.6.0.tgz#7e0ccdda9718ec2ceabd665eb593f185605d7d5f"
  dependencies:
    "@jimp/utils" "^0.6.0"
    core-js "^2.5.7"
    load-bmfont "^1.4.0"

"@jimp/plugin-resize@^0.6.0":
  version "0.6.0"
  resolved "https://registry.yarnpkg.com/@jimp/plugin-resize/-/plugin-resize-0.6.0.tgz#d66be57b9bb950e66a6f686c97fbab76bc705af4"
  dependencies:
    "@jimp/utils" "^0.6.0"
    core-js "^2.5.7"

"@jimp/plugin-rotate@^0.6.0":
  version "0.6.0"
  resolved "https://registry.yarnpkg.com/@jimp/plugin-rotate/-/plugin-rotate-0.6.0.tgz#2d7a359b48cc830bf3eee94c9821c2bfd1b27daf"
  dependencies:
    "@jimp/utils" "^0.6.0"
    core-js "^2.5.7"

"@jimp/plugin-scale@^0.6.0":
  version "0.6.0"
  resolved "https://registry.yarnpkg.com/@jimp/plugin-scale/-/plugin-scale-0.6.0.tgz#751d0d9ae44aaf9f9b4934bc2a4dd34122cd2894"
  dependencies:
    "@jimp/utils" "^0.6.0"
    core-js "^2.5.7"

"@jimp/plugins@^0.6.0":
  version "0.6.0"
  resolved "https://registry.yarnpkg.com/@jimp/plugins/-/plugins-0.6.0.tgz#407581a67891ec6399c1f3ffb95b0fc47c8c502b"
  dependencies:
    "@jimp/plugin-blit" "^0.6.0"
    "@jimp/plugin-blur" "^0.6.0"
    "@jimp/plugin-color" "^0.6.0"
    "@jimp/plugin-contain" "^0.6.0"
    "@jimp/plugin-cover" "^0.6.0"
    "@jimp/plugin-crop" "^0.6.0"
    "@jimp/plugin-displace" "^0.6.0"
    "@jimp/plugin-dither" "^0.6.0"
    "@jimp/plugin-flip" "^0.6.0"
    "@jimp/plugin-gaussian" "^0.6.0"
    "@jimp/plugin-invert" "^0.6.0"
    "@jimp/plugin-mask" "^0.6.0"
    "@jimp/plugin-normalize" "^0.6.0"
    "@jimp/plugin-print" "^0.6.0"
    "@jimp/plugin-resize" "^0.6.0"
    "@jimp/plugin-rotate" "^0.6.0"
    "@jimp/plugin-scale" "^0.6.0"
    core-js "^2.5.7"
    timm "^1.6.1"

"@jimp/png@^0.6.0":
  version "0.6.0"
  resolved "https://registry.yarnpkg.com/@jimp/png/-/png-0.6.0.tgz#3eb8a4cd1ff71dc63b1aad5789cf83a3a1508ca1"
  dependencies:
    "@jimp/utils" "^0.6.0"
    core-js "^2.5.7"
    pngjs "^3.3.3"

"@jimp/tiff@^0.6.0":
  version "0.6.0"
  resolved "https://registry.yarnpkg.com/@jimp/tiff/-/tiff-0.6.0.tgz#ea65bee43a8ffe972ed9631dabcb9e030acdb004"
  dependencies:
    core-js "^2.5.7"
    utif "^2.0.1"

"@jimp/types@^0.6.0":
  version "0.6.0"
  resolved "https://registry.yarnpkg.com/@jimp/types/-/types-0.6.0.tgz#9e9b942fafed4f364f1b999c9f15399b84da7756"
  dependencies:
    "@jimp/bmp" "^0.6.0"
    "@jimp/gif" "^0.6.0"
    "@jimp/jpeg" "^0.6.0"
    "@jimp/png" "^0.6.0"
    "@jimp/tiff" "^0.6.0"
    core-js "^2.5.7"
    timm "^1.6.1"

"@jimp/utils@^0.6.0":
  version "0.6.0"
  resolved "https://registry.yarnpkg.com/@jimp/utils/-/utils-0.6.0.tgz#330ae46adee1cb622fa534fc56fd8a574c9c2d84"
  dependencies:
    core-js "^2.5.7"

"@types/body-parser@*":
  version "1.17.0"
  resolved "https://registry.yarnpkg.com/@types/body-parser/-/body-parser-1.17.0.tgz#9f5c9d9bd04bb54be32d5eb9fc0d8c974e6cf58c"
  dependencies:
    "@types/connect" "*"
    "@types/node" "*"

"@types/connect@*":
  version "3.4.32"
  resolved "https://registry.yarnpkg.com/@types/connect/-/connect-3.4.32.tgz#aa0e9616b9435ccad02bc52b5b454ffc2c70ba28"
  dependencies:
    "@types/node" "*"

"@types/express-serve-static-core@*":
  version "4.16.1"
  resolved "https://registry.yarnpkg.com/@types/express-serve-static-core/-/express-serve-static-core-4.16.1.tgz#35df7b302299a4ab138a643617bd44078e74d44e"
  dependencies:
    "@types/node" "*"
    "@types/range-parser" "*"

"@types/express@4.16.1":
  version "4.16.1"
  resolved "https://registry.yarnpkg.com/@types/express/-/express-4.16.1.tgz#d756bd1a85c34d87eaf44c888bad27ba8a4b7cf0"
  dependencies:
    "@types/body-parser" "*"
    "@types/express-serve-static-core" "*"
    "@types/serve-static" "*"

"@types/mime@*":
  version "2.0.0"
  resolved "https://registry.yarnpkg.com/@types/mime/-/mime-2.0.0.tgz#5a7306e367c539b9f6543499de8dd519fac37a8b"

"@types/node@*":
  version "10.12.19"
  resolved "https://registry.yarnpkg.com/@types/node/-/node-10.12.19.tgz#ca1018c26be01f07e66ac7fefbeb6407e4490c61"

"@types/node@10.12.18":
  version "10.12.18"
  resolved "https://registry.yarnpkg.com/@types/node/-/node-10.12.18.tgz#1d3ca764718915584fcd9f6344621b7672665c67"

"@types/range-parser@*":
  version "1.2.3"
  resolved "https://registry.yarnpkg.com/@types/range-parser/-/range-parser-1.2.3.tgz#7ee330ba7caafb98090bece86a5ee44115904c2c"

"@types/serve-static@*":
  version "1.13.2"
  resolved "https://registry.yarnpkg.com/@types/serve-static/-/serve-static-1.13.2.tgz#f5ac4d7a6420a99a6a45af4719f4dcd8cd907a48"
  dependencies:
    "@types/express-serve-static-core" "*"
    "@types/mime" "*"

any-base@^1.1.0:
  version "1.1.0"
  resolved "https://registry.yarnpkg.com/any-base/-/any-base-1.1.0.tgz#ae101a62bc08a597b4c9ab5b7089d456630549fe"

base64-js@^1.0.2:
  version "1.3.0"
  resolved "https://registry.yarnpkg.com/base64-js/-/base64-js-1.3.0.tgz#cab1e6118f051095e58b5281aea8c1cd22bfc0e3"

bmp-js@^0.1.0:
  version "0.1.0"
  resolved "https://registry.yarnpkg.com/bmp-js/-/bmp-js-0.1.0.tgz#e05a63f796a6c1ff25f4771ec7adadc148c07233"

buffer-equal@0.0.1:
  version "0.0.1"
  resolved "https://registry.yarnpkg.com/buffer-equal/-/buffer-equal-0.0.1.tgz#91bc74b11ea405bc916bc6aa908faafa5b4aac4b"

buffer@^5.2.0:
  version "5.2.1"
  resolved "https://registry.yarnpkg.com/buffer/-/buffer-5.2.1.tgz#dd57fa0f109ac59c602479044dca7b8b3d0b71d6"
  dependencies:
    base64-js "^1.0.2"
    ieee754 "^1.1.4"

core-js@^2.5.7:
  version "2.6.3"
  resolved "https://registry.yarnpkg.com/core-js/-/core-js-2.6.3.tgz#4b70938bdffdaf64931e66e2db158f0892289c49"

dom-walk@^0.1.0:
  version "0.1.1"
  resolved "https://registry.yarnpkg.com/dom-walk/-/dom-walk-0.1.1.tgz#672226dc74c8f799ad35307df936aba11acd6018"

exif-parser@^0.1.12:
  version "0.1.12"
  resolved "https://registry.yarnpkg.com/exif-parser/-/exif-parser-0.1.12.tgz#58a9d2d72c02c1f6f02a0ef4a9166272b7760922"

file-type@^9.0.0:
  version "9.0.0"
  resolved "https://registry.yarnpkg.com/file-type/-/file-type-9.0.0.tgz#a68d5ad07f486414dfb2c8866f73161946714a18"

for-each@^0.3.2:
  version "0.3.3"
  resolved "https://registry.yarnpkg.com/for-each/-/for-each-0.3.3.tgz#69b447e88a0a5d32c3e7084f3f1710034b21376e"
  dependencies:
    is-callable "^1.1.3"

global@~4.3.0:
  version "4.3.2"
  resolved "https://registry.yarnpkg.com/global/-/global-4.3.2.tgz#e76989268a6c74c38908b1305b10fc0e394e9d0f"
  dependencies:
    min-document "^2.19.0"
    process "~0.5.1"

ieee754@^1.1.4:
  version "1.1.12"
  resolved "https://registry.yarnpkg.com/ieee754/-/ieee754-1.1.12.tgz#50bf24e5b9c8bb98af4964c941cdb0918da7b60b"

is-callable@^1.1.3:
  version "1.1.4"
  resolved "https://registry.yarnpkg.com/is-callable/-/is-callable-1.1.4.tgz#1e1adf219e1eeb684d691f9d6a05ff0d30a24d75"

is-function@^1.0.1:
  version "1.0.1"
  resolved "https://registry.yarnpkg.com/is-function/-/is-function-1.0.1.tgz#12cfb98b65b57dd3d193a3121f5f6e2f437602b5"

jimp@0.6.0:
  version "0.6.0"
  resolved "https://registry.yarnpkg.com/jimp/-/jimp-0.6.0.tgz#b0fc278a3313a4136bc9d352e0e81e56eb8c864a"
  dependencies:
    "@babel/polyfill" "^7.0.0"
    "@jimp/custom" "^0.6.0"
    "@jimp/plugins" "^0.6.0"
    "@jimp/types" "^0.6.0"
    core-js "^2.5.7"

jpeg-js@^0.3.4:
  version "0.3.4"
  resolved "https://registry.yarnpkg.com/jpeg-js/-/jpeg-js-0.3.4.tgz#dc2ba501ee3d58b7bb893c5d1fab47294917e7e7"

load-bmfont@^1.3.1, load-bmfont@^1.4.0:
  version "1.4.0"
  resolved "https://registry.yarnpkg.com/load-bmfont/-/load-bmfont-1.4.0.tgz#75f17070b14a8c785fe7f5bee2e6fd4f98093b6b"
  dependencies:
    buffer-equal "0.0.1"
    mime "^1.3.4"
    parse-bmfont-ascii "^1.0.3"
    parse-bmfont-binary "^1.0.5"
    parse-bmfont-xml "^1.1.4"
    phin "^2.9.1"
    xhr "^2.0.1"
    xtend "^4.0.0"

mime@^1.3.4:
  version "1.6.0"
  resolved "https://registry.yarnpkg.com/mime/-/mime-1.6.0.tgz#32cd9e5c64553bd58d19a568af452acff04981b1"

min-document@^2.19.0:
  version "2.19.0"
  resolved "https://registry.yarnpkg.com/min-document/-/min-document-2.19.0.tgz#7bd282e3f5842ed295bb748cdd9f1ffa2c824685"
  dependencies:
    dom-walk "^0.1.0"

minimist@0.0.8:
  version "0.0.8"
  resolved "https://registry.yarnpkg.com/minimist/-/minimist-0.0.8.tgz#857fcabfc3397d2625b8228262e86aa7a011b05d"

mkdirp@0.5.1:
  version "0.5.1"
  resolved "https://registry.yarnpkg.com/mkdirp/-/mkdirp-0.5.1.tgz#30057438eac6cf7f8c4767f38648d6697d75c903"
  dependencies:
    minimist "0.0.8"

omggif@^1.0.9:
  version "1.0.9"
  resolved "https://registry.yarnpkg.com/omggif/-/omggif-1.0.9.tgz#dcb7024dacd50c52b4d303f04802c91c057c765f"

pako@^1.0.5:
  version "1.0.8"
  resolved "https://registry.yarnpkg.com/pako/-/pako-1.0.8.tgz#6844890aab9c635af868ad5fecc62e8acbba3ea4"

parse-bmfont-ascii@^1.0.3:
  version "1.0.6"
  resolved "https://registry.yarnpkg.com/parse-bmfont-ascii/-/parse-bmfont-ascii-1.0.6.tgz#11ac3c3ff58f7c2020ab22769079108d4dfa0285"

parse-bmfont-binary@^1.0.5:
  version "1.0.6"
  resolved "https://registry.yarnpkg.com/parse-bmfont-binary/-/parse-bmfont-binary-1.0.6.tgz#d038b476d3e9dd9db1e11a0b0e53a22792b69006"

parse-bmfont-xml@^1.1.4:
  version "1.1.4"
  resolved "https://registry.yarnpkg.com/parse-bmfont-xml/-/parse-bmfont-xml-1.1.4.tgz#015319797e3e12f9e739c4d513872cd2fa35f389"
  dependencies:
    xml-parse-from-string "^1.0.0"
    xml2js "^0.4.5"

parse-headers@^2.0.0:
  version "2.0.1"
  resolved "https://registry.yarnpkg.com/parse-headers/-/parse-headers-2.0.1.tgz#6ae83a7aa25a9d9b700acc28698cd1f1ed7e9536"
  dependencies:
    for-each "^0.3.2"
    trim "0.0.1"

phin@^2.9.1:
  version "2.9.3"
  resolved "https://registry.yarnpkg.com/phin/-/phin-2.9.3.tgz#f9b6ac10a035636fb65dfc576aaaa17b8743125c"

pixelmatch@^4.0.2:
  version "4.0.2"
  resolved "https://registry.yarnpkg.com/pixelmatch/-/pixelmatch-4.0.2.tgz#8f47dcec5011b477b67db03c243bc1f3085e8854"
  dependencies:
    pngjs "^3.0.0"

pngjs@^3.0.0, pngjs@^3.3.3:
  version "3.3.3"
  resolved "https://registry.yarnpkg.com/pngjs/-/pngjs-3.3.3.tgz#85173703bde3edac8998757b96e5821d0966a21b"

process@~0.5.1:
  version "0.5.2"
  resolved "https://registry.yarnpkg.com/process/-/process-0.5.2.tgz#1638d8a8e34c2f440a91db95ab9aeb677fc185cf"

regenerator-runtime@^0.12.0:
  version "0.12.1"
  resolved "https://registry.yarnpkg.com/regenerator-runtime/-/regenerator-runtime-0.12.1.tgz#fa1a71544764c036f8c49b13a08b2594c9f8a0de"

sax@>=0.6.0:
  version "1.2.4"
  resolved "https://registry.yarnpkg.com/sax/-/sax-1.2.4.tgz#2816234e2378bddc4e5354fab5caa895df7100d9"

timm@^1.6.1:
  version "1.6.1"
  resolved "https://registry.yarnpkg.com/timm/-/timm-1.6.1.tgz#5f8aafc932248c76caf2c6af60542a32d3c30701"

tinycolor2@^1.4.1:
  version "1.4.1"
  resolved "https://registry.yarnpkg.com/tinycolor2/-/tinycolor2-1.4.1.tgz#f4fad333447bc0b07d4dc8e9209d8f39a8ac77e8"

trim@0.0.1:
  version "0.0.1"
  resolved "https://registry.yarnpkg.com/trim/-/trim-0.0.1.tgz#5858547f6b290757ee95cccc666fb50084c460dd"

typescript@3.2.4:
  version "3.2.4"
  resolved "https://registry.yarnpkg.com/typescript/-/typescript-3.2.4.tgz#c585cb952912263d915b462726ce244ba510ef3d"

utif@^2.0.1:
  version "2.0.1"
  resolved "https://registry.yarnpkg.com/utif/-/utif-2.0.1.tgz#9e1582d9bbd20011a6588548ed3266298e711759"
  dependencies:
    pako "^1.0.5"

xhr@^2.0.1:
  version "2.5.0"
  resolved "https://registry.yarnpkg.com/xhr/-/xhr-2.5.0.tgz#bed8d1676d5ca36108667692b74b316c496e49dd"
  dependencies:
    global "~4.3.0"
    is-function "^1.0.1"
    parse-headers "^2.0.0"
    xtend "^4.0.0"

xml-parse-from-string@^1.0.0:
  version "1.0.1"
  resolved "https://registry.yarnpkg.com/xml-parse-from-string/-/xml-parse-from-string-1.0.1.tgz#a9029e929d3dbcded169f3c6e28238d95a5d5a28"

xml2js@^0.4.5:
  version "0.4.19"
  resolved "https://registry.yarnpkg.com/xml2js/-/xml2js-0.4.19.tgz#686c20f213209e94abf0d1bcf1efaa291c7827a7"
  dependencies:
    sax ">=0.6.0"
    xmlbuilder "~9.0.1"

xmlbuilder@~9.0.1:
  version "9.0.7"
  resolved "https://registry.yarnpkg.com/xmlbuilder/-/xmlbuilder-9.0.7.tgz#132ee63d2ec5565c557e20f4c22df9aca686b10d"

xtend@^4.0.0:
  version "4.0.1"
  resolved "https://registry.yarnpkg.com/xtend/-/xtend-4.0.1.tgz#a5c6d532be656e23db820efb943a1f04998d63af"
